
Microsoft Visual Studio Solution File, Format Version 12.00
# Visual Studio Version 16
VisualStudioVersion = 16.0.30717.126
MinimumVisualStudioVersion = 10.0.40219.1
Project("{FAE04EC0-301F-11D3-BF4B-00C04F79EFBC}") = "PingTestTool", "PingTestTool\PingTestTool.csproj", "{CC4F3FC4-A52F-4871-A18E-C69097D982AF}"
EndProject
Global
	GlobalSection(SolutionConfigurationPlatforms) = preSolution
		Debug|Any CPU = Debug|Any CPU
		Release|Any CPU = Release|Any CPU
	EndGlobalSection
	GlobalSection(ProjectConfigurationPlatforms) = postSolution
		{CC4F3FC4-A52F-4871-A18E-C69097D982AF}.Debug|Any CPU.ActiveCfg = Debug|Any CPU
		{CC4F3FC4-A52F-4871-A18E-C69097D982AF}.Debug|Any CPU.Build.0 = Debug|Any CPU
		{CC4F3FC4-A52F-4871-A18E-C69097D982AF}.Release|Any CPU.ActiveCfg = Release|Any CPU
		{CC4F3FC4-A52F-4871-A18E-C69097D982AF}.Release|Any CPU.Build.0 = Release|Any CPU
	EndGlobalSection
	GlobalSection(SolutionProperties) = preSolution
		HideSolutionNode = FALSE
	EndGlobalSection
	GlobalSection(ExtensibilityGlobals) = postSolution
		SolutionGuid = {1415E035-6FA5-49E6-8FD6-2A8DA7B61083}
	EndGlobalSection
EndGlobal
